
Microsoft Visual Studio Solution File, Format Version 12.00
# Visual Studio 15
VisualStudioVersion = 15.0.27130.2024
MinimumVisualStudioVersion = 10.0.40219.1
Project("{FAE04EC0-301F-11D3-BF4B-00C04F79EFBC}") = "ExtensionLibrary", "ExtensionLibrary\ExtensionLibrary.csproj", "{E5AFFB22-ACC8-4B53-A825-91A77448FAF8}"
EndProject
Project("{FAE04EC0-301F-11D3-BF4B-00C04F79EFBC}") = "ExtensionLibraryTests", "ExtensionLibraryTests\ExtensionLibraryTests.csproj", "{5C8555F7-7D8A-429A-9FA3-A3CED23D0708}"
EndProject
Global
	GlobalSection(SolutionConfigurationPlatforms) = preSolution
		Debug|Any CPU = Debug|Any CPU
		Release|Any CPU = Release|Any CPU
	EndGlobalSection
	GlobalSection(ProjectConfigurationPlatforms) = postSolution
		{E5AFFB22-ACC8-4B53-A825-91A77448FAF8}.Debug|Any CPU.ActiveCfg = Debug|Any CPU
		{E5AFFB22-ACC8-4B53-A825-91A77448FAF8}.Debug|Any CPU.Build.0 = Debug|Any CPU
		{E5AFFB22-ACC8-4B53-A825-91A77448FAF8}.Release|Any CPU.ActiveCfg = Release|Any CPU
		{E5AFFB22-ACC8-4B53-A825-91A77448FAF8}.Release|Any CPU.Build.0 = Release|Any CPU
		{5C8555F7-7D8A-429A-9FA3-A3CED23D0708}.Debug|Any CPU.ActiveCfg = Debug|Any CPU
		{5C8555F7-7D8A-429A-9FA3-A3CED23D0708}.Debug|Any CPU.Build.0 = Debug|Any CPU
		{5C8555F7-7D8A-429A-9FA3-A3CED23D0708}.Release|Any CPU.ActiveCfg = Release|Any CPU
		{5C8555F7-7D8A-429A-9FA3-A3CED23D0708}.Release|Any CPU.Build.0 = Release|Any CPU
	EndGlobalSection
	GlobalSection(SolutionProperties) = preSolution
		HideSolutionNode = FALSE
	EndGlobalSection
	GlobalSection(ExtensibilityGlobals) = postSolution
		VisualSVNWorkingCopyRoot = .
		SolutionGuid = {EC5C4543-FA21-418D-9F8B-1473D99341B5}
	EndGlobalSection
EndGlobal
